
Microsoft Visual Studio Solution File, Format Version 12.00
# Visual Studio 15
VisualStudioVersion = 15.0.28010.2026
MinimumVisualStudioVersion = 10.0.40219.1
Project("{FAE04EC0-301F-11D3-BF4B-00C04F79EFBC}") = "P0_Ejercicio1", "PracticasIGU\P0_Ejercicio1.csproj", "{A3C43F82-54DD-40B7-9C3E-67B1D5772AF8}"
EndProject
Project("{FAE04EC0-301F-11D3-BF4B-00C04F79EFBC}") = "P0_Ejercicio2", "MyFirstWPFApp\P0_Ejercicio2.csproj", "{55C1E494-EDEB-447A-A806-FB2A51A66C0E}"
EndProject
Project("{2150E333-8FDC-42A3-9474-1A3956D46DE8}") = "Practica 0", "Practica 0", "{9999FB10-513C-4D81-8852-DF48494776F5}"
EndProject
Project("{FAE04EC0-301F-11D3-BF4B-00C04F79EFBC}") = "CalculadoraWpf", "CalculadoraWpf\CalculadoraWpf.csproj", "{CC89F77D-EE93-4D60-ABD1-1274868048E7}"
EndProject
Project("{2150E333-8FDC-42A3-9474-1A3956D46DE8}") = "Practica 1", "Practica 1", "{B1AF7B9F-E1AA-4237-BF41-8A51B3ED4D78}"
EndProject
Project("{2150E333-8FDC-42A3-9474-1A3956D46DE8}") = "Practica casa", "Practica casa", "{0104F471-0E9A-4C7C-860C-FAAA0E737ED5}"
EndProject
Project("{FAE04EC0-301F-11D3-BF4B-00C04F79EFBC}") = "P1_Ejercicio1", "P1_Ejemplo1\P1_Ejercicio1.csproj", "{64DBB95E-79DD-4424-94E1-D6FED1770933}"
EndProject
Project("{FAE04EC0-301F-11D3-BF4B-00C04F79EFBC}") = "P1_Ejercicio2", "P1_Ejemplo2\P1_Ejercicio2.csproj", "{536423BC-335F-44A2-B5C5-2DC9AA9FF4C9}"
EndProject
Project("{2150E333-8FDC-42A3-9474-1A3956D46DE8}") = "Practica 2", "Practica 2", "{F6908E12-B3F7-4C2A-A8D1-F8635AF58435}"
EndProject
Project("{FAE04EC0-301F-11D3-BF4B-00C04F79EFBC}") = "P2_Ejercicio2", "P2_Ejemplo2\P2_Ejercicio2.csproj", "{8E7F718C-BD8B-404E-86B4-5CDC54A0FD32}"
EndProject
Project("{FAE04EC0-301F-11D3-BF4B-00C04F79EFBC}") = "P1_Ejercicio3", "P1_Ejercicio3\P1_Ejercicio3.csproj", "{C084B16E-2137-443E-B583-7DDED82C25DF}"
EndProject
Project("{FAE04EC0-301F-11D3-BF4B-00C04F79EFBC}") = "P2_Ejercicio1", "P2_Ejercicio1\P2_Ejercicio1.csproj", "{E1F0AEB5-3AA5-4975-86A6-2CE8A9299317}"
EndProject
Project("{FAE04EC0-301F-11D3-BF4B-00C04F79EFBC}") = "P2_Ejercicio3", "P2_Ejercicio3\P2_Ejercicio3.csproj", "{698E152A-37D6-46E6-B6A2-C4F64DC79B62}"
EndProject
Global
	GlobalSection(SolutionConfigurationPlatforms) = preSolution
		Debug|Any CPU = Debug|Any CPU
		Release|Any CPU = Release|Any CPU
	EndGlobalSection
	GlobalSection(ProjectConfigurationPlatforms) = postSolution
		{A3C43F82-54DD-40B7-9C3E-67B1D5772AF8}.Debug|Any CPU.ActiveCfg = Debug|Any CPU
		{A3C43F82-54DD-40B7-9C3E-67B1D5772AF8}.Debug|Any CPU.Build.0 = Debug|Any CPU
		{A3C43F82-54DD-40B7-9C3E-67B1D5772AF8}.Release|Any CPU.ActiveCfg = Release|Any CPU
		{A3C43F82-54DD-40B7-9C3E-67B1D5772AF8}.Release|Any CPU.Build.0 = Release|Any CPU
		{55C1E494-EDEB-447A-A806-FB2A51A66C0E}.Debug|Any CPU.ActiveCfg = Debug|Any CPU
		{55C1E494-EDEB-447A-A806-FB2A51A66C0E}.Debug|Any CPU.Build.0 = Debug|Any CPU
		{55C1E494-EDEB-447A-A806-FB2A51A66C0E}.Release|Any CPU.ActiveCfg = Release|Any CPU
		{55C1E494-EDEB-447A-A806-FB2A51A66C0E}.Release|Any CPU.Build.0 = Release|Any CPU
		{CC89F77D-EE93-4D60-ABD1-1274868048E7}.Debug|Any CPU.ActiveCfg = Debug|Any CPU
		{CC89F77D-EE93-4D60-ABD1-1274868048E7}.Debug|Any CPU.Build.0 = Debug|Any CPU
		{CC89F77D-EE93-4D60-ABD1-1274868048E7}.Release|Any CPU.ActiveCfg = Release|Any CPU
		{CC89F77D-EE93-4D60-ABD1-1274868048E7}.Release|Any CPU.Build.0 = Release|Any CPU
		{64DBB95E-79DD-4424-94E1-D6FED1770933}.Debug|Any CPU.ActiveCfg = Debug|Any CPU
		{64DBB95E-79DD-4424-94E1-D6FED1770933}.Debug|Any CPU.Build.0 = Debug|Any CPU
		{64DBB95E-79DD-4424-94E1-D6FED1770933}.Release|Any CPU.ActiveCfg = Release|Any CPU
		{64DBB95E-79DD-4424-94E1-D6FED1770933}.Release|Any CPU.Build.0 = Release|Any CPU
		{536423BC-335F-44A2-B5C5-2DC9AA9FF4C9}.Debug|Any CPU.ActiveCfg = Debug|Any CPU
		{536423BC-335F-44A2-B5C5-2DC9AA9FF4C9}.Debug|Any CPU.Build.0 = Debug|Any CPU
		{536423BC-335F-44A2-B5C5-2DC9AA9FF4C9}.Release|Any CPU.ActiveCfg = Release|Any CPU
		{536423BC-335F-44A2-B5C5-2DC9AA9FF4C9}.Release|Any CPU.Build.0 = Release|Any CPU
		{8E7F718C-BD8B-404E-86B4-5CDC54A0FD32}.Debug|Any CPU.ActiveCfg = Debug|Any CPU
		{8E7F718C-BD8B-404E-86B4-5CDC54A0FD32}.Debug|Any CPU.Build.0 = Debug|Any CPU
		{8E7F718C-BD8B-404E-86B4-5CDC54A0FD32}.Release|Any CPU.ActiveCfg = Release|Any CPU
		{8E7F718C-BD8B-404E-86B4-5CDC54A0FD32}.Release|Any CPU.Build.0 = Release|Any CPU
		{C084B16E-2137-443E-B583-7DDED82C25DF}.Debug|Any CPU.ActiveCfg = Debug|Any CPU
		{C084B16E-2137-443E-B583-7DDED82C25DF}.Debug|Any CPU.Build.0 = Debug|Any CPU
		{C084B16E-2137-443E-B583-7DDED82C25DF}.Release|Any CPU.ActiveCfg = Release|Any CPU
		{C084B16E-2137-443E-B583-7DDED82C25DF}.Release|Any CPU.Build.0 = Release|Any CPU
		{E1F0AEB5-3AA5-4975-86A6-2CE8A9299317}.Debug|Any CPU.ActiveCfg = Debug|Any CPU
		{E1F0AEB5-3AA5-4975-86A6-2CE8A9299317}.Debug|Any CPU.Build.0 = Debug|Any CPU
		{E1F0AEB5-3AA5-4975-86A6-2CE8A9299317}.Release|Any CPU.ActiveCfg = Release|Any CPU
		{E1F0AEB5-3AA5-4975-86A6-2CE8A9299317}.Release|Any CPU.Build.0 = Release|Any CPU
		{698E152A-37D6-46E6-B6A2-C4F64DC79B62}.Debug|Any CPU.ActiveCfg = Debug|Any CPU
		{698E152A-37D6-46E6-B6A2-C4F64DC79B62}.Debug|Any CPU.Build.0 = Debug|Any CPU
		{698E152A-37D6-46E6-B6A2-C4F64DC79B62}.Release|Any CPU.ActiveCfg = Release|Any CPU
		{698E152A-37D6-46E6-B6A2-C4F64DC79B62}.Release|Any CPU.Build.0 = Release|Any CPU
	EndGlobalSection
	GlobalSection(SolutionProperties) = preSolution
		HideSolutionNode = FALSE
	EndGlobalSection
	GlobalSection(NestedProjects) = preSolution
		{A3C43F82-54DD-40B7-9C3E-67B1D5772AF8} = {9999FB10-513C-4D81-8852-DF48494776F5}
		{55C1E494-EDEB-447A-A806-FB2A51A66C0E} = {9999FB10-513C-4D81-8852-DF48494776F5}
		{CC89F77D-EE93-4D60-ABD1-1274868048E7} = {0104F471-0E9A-4C7C-860C-FAAA0E737ED5}
		{64DBB95E-79DD-4424-94E1-D6FED1770933} = {B1AF7B9F-E1AA-4237-BF41-8A51B3ED4D78}
		{536423BC-335F-44A2-B5C5-2DC9AA9FF4C9} = {B1AF7B9F-E1AA-4237-BF41-8A51B3ED4D78}
		{8E7F718C-BD8B-404E-86B4-5CDC54A0FD32} = {F6908E12-B3F7-4C2A-A8D1-F8635AF58435}
		{C084B16E-2137-443E-B583-7DDED82C25DF} = {B1AF7B9F-E1AA-4237-BF41-8A51B3ED4D78}
		{E1F0AEB5-3AA5-4975-86A6-2CE8A9299317} = {F6908E12-B3F7-4C2A-A8D1-F8635AF58435}
		{698E152A-37D6-46E6-B6A2-C4F64DC79B62} = {F6908E12-B3F7-4C2A-A8D1-F8635AF58435}
	EndGlobalSection
	GlobalSection(ExtensibilityGlobals) = postSolution
		SolutionGuid = {0B280EAA-ABAF-42B3-909C-5BDFE9A04EAE}
	EndGlobalSection
EndGlobal
