
Microsoft Visual Studio Solution File, Format Version 12.00
# Visual Studio 15
VisualStudioVersion = 15.0.28010.2026
MinimumVisualStudioVersion = 10.0.40219.1
Project("{FAE04EC0-301F-11D3-BF4B-00C04F79EFBC}") = "Ejemplo1", "PracticasIGU\Ejemplo1.csproj", "{A3C43F82-54DD-40B7-9C3E-67B1D5772AF8}"
EndProject
Project("{FAE04EC0-301F-11D3-BF4B-00C04F79EFBC}") = "Ejemplo2", "MyFirstWPFApp\Ejemplo2.csproj", "{55C1E494-EDEB-447A-A806-FB2A51A66C0E}"
EndProject
Project("{2150E333-8FDC-42A3-9474-1A3956D46DE8}") = "Practica 0", "Practica 0", "{9999FB10-513C-4D81-8852-DF48494776F5}"
EndProject
Global
	GlobalSection(SolutionConfigurationPlatforms) = preSolution
		Debug|Any CPU = Debug|Any CPU
		Release|Any CPU = Release|Any CPU
	EndGlobalSection
	GlobalSection(ProjectConfigurationPlatforms) = postSolution
		{A3C43F82-54DD-40B7-9C3E-67B1D5772AF8}.Debug|Any CPU.ActiveCfg = Debug|Any CPU
		{A3C43F82-54DD-40B7-9C3E-67B1D5772AF8}.Debug|Any CPU.Build.0 = Debug|Any CPU
		{A3C43F82-54DD-40B7-9C3E-67B1D5772AF8}.Release|Any CPU.ActiveCfg = Release|Any CPU
		{A3C43F82-54DD-40B7-9C3E-67B1D5772AF8}.Release|Any CPU.Build.0 = Release|Any CPU
		{55C1E494-EDEB-447A-A806-FB2A51A66C0E}.Debug|Any CPU.ActiveCfg = Debug|Any CPU
		{55C1E494-EDEB-447A-A806-FB2A51A66C0E}.Debug|Any CPU.Build.0 = Debug|Any CPU
		{55C1E494-EDEB-447A-A806-FB2A51A66C0E}.Release|Any CPU.ActiveCfg = Release|Any CPU
		{55C1E494-EDEB-447A-A806-FB2A51A66C0E}.Release|Any CPU.Build.0 = Release|Any CPU
	EndGlobalSection
	GlobalSection(SolutionProperties) = preSolution
		HideSolutionNode = FALSE
	EndGlobalSection
	GlobalSection(NestedProjects) = preSolution
		{A3C43F82-54DD-40B7-9C3E-67B1D5772AF8} = {9999FB10-513C-4D81-8852-DF48494776F5}
		{55C1E494-EDEB-447A-A806-FB2A51A66C0E} = {9999FB10-513C-4D81-8852-DF48494776F5}
	EndGlobalSection
	GlobalSection(ExtensibilityGlobals) = postSolution
		SolutionGuid = {0B280EAA-ABAF-42B3-909C-5BDFE9A04EAE}
	EndGlobalSection
EndGlobal
